# THIS IS AN AUTOGENERATED FILE. DO NOT EDIT THIS FILE DIRECTLY.
# yarn lockfile v1


"@bufbuild/protobuf@^2.0.0":
  version "2.10.1"
  resolved "https://registry.yarnpkg.com/@bufbuild/protobuf/-/protobuf-2.10.1.tgz#012f6d7d110f8c45198c7e6a96cb217c45d0c696"
  integrity sha512-ckS3+vyJb5qGpEYv/s1OebUHDi/xSNtfgw1wqKZo7MR9F2z+qXr0q5XagafAG/9O0QPVIUfST0smluYSTpYFkg==

meriyah@^6.1.4:
  version "6.1.4"
  resolved "https://registry.yarnpkg.com/meriyah/-/meriyah-6.1.4.tgz#2d49a8934fbcd9205c20564579c3560d9b1e077b"
  integrity sha512-Sz8FzjzI0kN13GK/6MVEsVzMZEPvOhnmmI1lU5+/1cGOiK3QUahntrNNtdVeihrO7t9JpoH75iMNXg6R6uWflQ==

youtubei.js@^16.0.1:
  version "16.0.1"
  resolved "https://registry.yarnpkg.com/youtubei.js/-/youtubei.js-16.0.1.tgz#b1fb7d42f36e4d355ba3ca2c93605a0572fe0c9b"
  integrity sha512-3802bCAGkBc2/G5WUTc0l/bO5mPYJbQAHL04d9hE9PnrDHoBUT8MN721Yqt4RCNncAXdHcfee9VdJy3Fhq1r5g==
  dependencies:
    "@bufbuild/protobuf" "^2.0.0"
    meriyah "^6.1.4"
